// !$*UTF8*$!
{
	archiveVersion = 1;
	classes = {
	};
	objectVersion = 46;
	objects = {

/* Begin PBXBuildFile section */
		BE0C9E1D1613AB41000992B9 /* ViewInformationViewController.xib in Resources */ = {isa = PBXBuildFile; fileRef = BE0C9E1B1613AB41000992B9 /* ViewInformationViewController.xib */; };
		BE0C9E1E1613AB41000992B9 /* MapViewController.xib in Resources */ = {isa = PBXBuildFile; fileRef = BE0C9E1C1613AB41000992B9 /* MapViewController.xib */; };
		BE0C9E241613ABB7000992B9 /* MapViewController.m in Sources */ = {isa = PBXBuildFile; fileRef = BE0C9E211613ABB7000992B9 /* MapViewController.m */; };
		BE0C9E251613ABB7000992B9 /* ViewInformationViewController.m in Sources */ = {isa = PBXBuildFile; fileRef = BE0C9E231613ABB7000992B9 /* ViewInformationViewController.m */; };
		BE113AF1154F990C00336124 /* ClimbingDatabase.sql in Resources */ = {isa = PBXBuildFile; fileRef = BE113AF0154F990C00336124 /* ClimbingDatabase.sql */; };
		BE113B06154FB2F700336124 /* WeatherViewController.m in Sources */ = {isa = PBXBuildFile; fileRef = BE113B04154FB2F700336124 /* WeatherViewController.m */; };
		BE113B07154FB2F700336124 /* WeatherViewController.xib in Resources */ = {isa = PBXBuildFile; fileRef = BE113B05154FB2F700336124 /* WeatherViewController.xib */; };
		BE113B151550CC3900336124 /* DatabaseModel.m in Sources */ = {isa = PBXBuildFile; fileRef = BE113B141550CC3900336124 /* DatabaseModel.m */; };
		BE113B191550D07600336124 /* WishListViewController.m in Sources */ = {isa = PBXBuildFile; fileRef = BE113B171550D07600336124 /* WishListViewController.m */; };
		BE113B1A1550D07600336124 /* WishListViewController.xib in Resources */ = {isa = PBXBuildFile; fileRef = BE113B181550D07600336124 /* WishListViewController.xib */; };
		BE113B1E1550D08800336124 /* TickListViewController.m in Sources */ = {isa = PBXBuildFile; fileRef = BE113B1C1550D08700336124 /* TickListViewController.m */; };
		BE113B1F1550D08800336124 /* TickListViewController.xib in Resources */ = {isa = PBXBuildFile; fileRef = BE113B1D1550D08700336124 /* TickListViewController.xib */; };
		BE7F5FF7154A29C7000394D2 /* View Information.jpg in Resources */ = {isa = PBXBuildFile; fileRef = BE7F5FF0154A29C7000394D2 /* View Information.jpg */; };
		BE7F5FF8154A29C7000394D2 /* Get Directions.jpg in Resources */ = {isa = PBXBuildFile; fileRef = BE7F5FF1154A29C7000394D2 /* Get Directions.jpg */; };
		BE7F5FF9154A29C7000394D2 /* View Weather.jpg in Resources */ = {isa = PBXBuildFile; fileRef = BE7F5FF2154A29C7000394D2 /* View Weather.jpg */; };
		BE7F5FFA154A29C7000394D2 /* My Wish List.jpg in Resources */ = {isa = PBXBuildFile; fileRef = BE7F5FF3154A29C7000394D2 /* My Wish List.jpg */; };
		BE7F5FFB154A29C7000394D2 /* My Tick List.jpg in Resources */ = {isa = PBXBuildFile; fileRef = BE7F5FF4154A29C7000394D2 /* My Tick List.jpg */; };
		BE88B3C715478F20005FA94B /* UIKit.framework in Frameworks */ = {isa = PBXBuildFile; fileRef = BE88B3C615478F20005FA94B /* UIKit.framework */; };
		BE88B3C915478F20005FA94B /* Foundation.framework in Frameworks */ = {isa = PBXBuildFile; fileRef = BE88B3C815478F20005FA94B /* Foundation.framework */; };
		BE88B3CB15478F20005FA94B /* CoreGraphics.framework in Frameworks */ = {isa = PBXBuildFile; fileRef = BE88B3CA15478F20005FA94B /* CoreGraphics.framework */; };
		BE88B3D115478F20005FA94B /* InfoPlist.strings in Resources */ = {isa = PBXBuildFile; fileRef = BE88B3CF15478F20005FA94B /* InfoPlist.strings */; };
		BE88B3D315478F20005FA94B /* main.m in Sources */ = {isa = PBXBuildFile; fileRef = BE88B3D215478F20005FA94B /* main.m */; };
		BE88B3D715478F20005FA94B /* AppDelegate.m in Sources */ = {isa = PBXBuildFile; fileRef = BE88B3D615478F20005FA94B /* AppDelegate.m */; };
		BE88B3DA15478F20005FA94B /* MasterViewController.m in Sources */ = {isa = PBXBuildFile; fileRef = BE88B3D915478F20005FA94B /* MasterViewController.m */; };
		BE88B3DD15478F20005FA94B /* DetailViewController.m in Sources */ = {isa = PBXBuildFile; fileRef = BE88B3DC15478F20005FA94B /* DetailViewController.m */; };
		BE88B3E015478F20005FA94B /* MasterViewController.xib in Resources */ = {isa = PBXBuildFile; fileRef = BE88B3DE15478F20005FA94B /* MasterViewController.xib */; };
		BE88B3E315478F20005FA94B /* DetailViewController.xib in Resources */ = {isa = PBXBuildFile; fileRef = BE88B3E115478F20005FA94B /* DetailViewController.xib */; };
		BE88B3EB15478F20005FA94B /* SenTestingKit.framework in Frameworks */ = {isa = PBXBuildFile; fileRef = BE88B3EA15478F20005FA94B /* SenTestingKit.framework */; };
		BE88B3EC15478F20005FA94B /* UIKit.framework in Frameworks */ = {isa = PBXBuildFile; fileRef = BE88B3C615478F20005FA94B /* UIKit.framework */; };
		BE88B3ED15478F20005FA94B /* Foundation.framework in Frameworks */ = {isa = PBXBuildFile; fileRef = BE88B3C815478F20005FA94B /* Foundation.framework */; };
		BE88B4021547937D005FA94B /* Search Routes.jpg in Resources */ = {isa = PBXBuildFile; fileRef = BE88B4011547937D005FA94B /* Search Routes.jpg */; };
		BEBB17D0154DD87900DD1813 /* ClimbingRoute.m in Sources */ = {isa = PBXBuildFile; fileRef = BEBB17CF154DD87900DD1813 /* ClimbingRoute.m */; };
		BEBB17D3154DEB8400DD1813 /* libsqlite3.0.dylib in Frameworks */ = {isa = PBXBuildFile; fileRef = BEBB17D2154DEB8400DD1813 /* libsqlite3.0.dylib */; };
		BEBE12D0154F8540001D2097 /* betty.JPG in Resources */ = {isa = PBXBuildFile; fileRef = BEBE12C8154F8540001D2097 /* betty.JPG */; };
		BEBE12D1154F8540001D2097 /* bonnies.JPG in Resources */ = {isa = PBXBuildFile; fileRef = BEBE12C9154F8540001D2097 /* bonnies.JPG */; };
		BEBE12D2154F8540001D2097 /* bunny.JPG in Resources */ = {isa = PBXBuildFile; fileRef = BEBE12CA154F8540001D2097 /* bunny.JPG */; };
		BEBE12D3154F8540001D2097 /* cck.JPG in Resources */ = {isa = PBXBuildFile; fileRef = BEBE12CB154F8540001D2097 /* cck.JPG */; };
		BEBE12D4154F8540001D2097 /* frogs.JPG in Resources */ = {isa = PBXBuildFile; fileRef = BEBE12CC154F8540001D2097 /* frogs.JPG */; };
		BEBE12D5154F8540001D2097 /* highexposure.JPG in Resources */ = {isa = PBXBuildFile; fileRef = BEBE12CD154F8540001D2097 /* highexposure.JPG */; };
		BEBE12D6154F8540001D2097 /* jackie.JPG in Resources */ = {isa = PBXBuildFile; fileRef = BEBE12CE154F8540001D2097 /* jackie.JPG */; };
		BEBE12D7154F8540001D2097 /* maria.JPG in Resources */ = {isa = PBXBuildFile; fileRef = BEBE12CF154F8540001D2097 /* maria.JPG */; };
		BEFB192E154F5EEA0013C4E6 /* RouteListViewController.m in Sources */ = {isa = PBXBuildFile; fileRef = BEFB192D154F5EEA0013C4E6 /* RouteListViewController.m */; };
		BEFB1931154F5EF40013C4E6 /* RouteListViewController.xib in Resources */ = {isa = PBXBuildFile; fileRef = BEFB192F154F5EF40013C4E6 /* RouteListViewController.xib */; };
/* End PBXBuildFile section */

/* Begin PBXContainerItemProxy section */
		BE88B3EE15478F20005FA94B /* PBXContainerItemProxy */ = {
			isa = PBXContainerItemProxy;
			containerPortal = BE88B3B915478F20005FA94B /* Project object */;
			proxyType = 1;
			remoteGlobalIDString = BE88B3C115478F20005FA94B;
			remoteInfo = GunksExperiment;
		};
/* End PBXContainerItemProxy section */

/* Begin PBXFileReference section */
		BE0C9E1B1613AB41000992B9 /* ViewInformationViewController.xib */ = {isa = PBXFileReference; fileEncoding = 4; lastKnownFileType = file.xib; path = ViewInformationViewController.xib; sourceTree = "<group>"; };
		BE0C9E1C1613AB41000992B9 /* MapViewController.xib */ = {isa = PBXFileReference; fileEncoding = 4; lastKnownFileType = file.xib; path = MapViewController.xib; sourceTree = "<group>"; };
		BE0C9E201613ABB7000992B9 /* MapViewController.h */ = {isa = PBXFileReference; fileEncoding = 4; lastKnownFileType = sourcecode.c.h; path = MapViewController.h; sourceTree = "<group>"; };
		BE0C9E211613ABB7000992B9 /* MapViewController.m */ = {isa = PBXFileReference; fileEncoding = 4; lastKnownFileType = sourcecode.c.objc; path = MapViewController.m; sourceTree = "<group>"; };
		BE0C9E221613ABB7000992B9 /* ViewInformationViewController.h */ = {isa = PBXFileReference; fileEncoding = 4; lastKnownFileType = sourcecode.c.h; path = ViewInformationViewController.h; sourceTree = "<group>"; };
		BE0C9E231613ABB7000992B9 /* ViewInformationViewController.m */ = {isa = PBXFileReference; fileEncoding = 4; lastKnownFileType = sourcecode.c.objc; path = ViewInformationViewController.m; sourceTree = "<group>"; };
		BE113AF0154F990C00336124 /* ClimbingDatabase.sql */ = {isa = PBXFileReference; lastKnownFileType = file; path = ClimbingDatabase.sql; sourceTree = "<group>"; };
		BE113B03154FB2F700336124 /* WeatherViewController.h */ = {isa = PBXFileReference; fileEncoding = 4; lastKnownFileType = sourcecode.c.h; path = WeatherViewController.h; sourceTree = "<group>"; };
		BE113B04154FB2F700336124 /* WeatherViewController.m */ = {isa = PBXFileReference; fileEncoding = 4; lastKnownFileType = sourcecode.c.objc; path = WeatherViewController.m; sourceTree = "<group>"; };
		BE113B05154FB2F700336124 /* WeatherViewController.xib */ = {isa = PBXFileReference; fileEncoding = 4; lastKnownFileType = file.xib; path = WeatherViewController.xib; sourceTree = "<group>"; };
		BE113B131550CC3900336124 /* DatabaseModel.h */ = {isa = PBXFileReference; fileEncoding = 4; lastKnownFileType = sourcecode.c.h; path = DatabaseModel.h; sourceTree = "<group>"; };
		BE113B141550CC3900336124 /* DatabaseModel.m */ = {isa = PBXFileReference; fileEncoding = 4; lastKnownFileType = sourcecode.c.objc; path = DatabaseModel.m; sourceTree = "<group>"; };
		BE113B161550D07500336124 /* WishListViewController.h */ = {isa = PBXFileReference; fileEncoding = 4; lastKnownFileType = sourcecode.c.h; path = WishListViewController.h; sourceTree = "<group>"; };
		BE113B171550D07600336124 /* WishListViewController.m */ = {isa = PBXFileReference; fileEncoding = 4; lastKnownFileType = sourcecode.c.objc; path = WishListViewController.m; sourceTree = "<group>"; };
		BE113B181550D07600336124 /* WishListViewController.xib */ = {isa = PBXFileReference; fileEncoding = 4; lastKnownFileType = file.xib; path = WishListViewController.xib; sourceTree = "<group>"; };
		BE113B1B1550D08700336124 /* TickListViewController.h */ = {isa = PBXFileReference; fileEncoding = 4; lastKnownFileType = sourcecode.c.h; path = TickListViewController.h; sourceTree = "<group>"; };
		BE113B1C1550D08700336124 /* TickListViewController.m */ = {isa = PBXFileReference; fileEncoding = 4; lastKnownFileType = sourcecode.c.objc; path = TickListViewController.m; sourceTree = "<group>"; };
		BE113B1D1550D08700336124 /* TickListViewController.xib */ = {isa = PBXFileReference; fileEncoding = 4; lastKnownFileType = file.xib; path = TickListViewController.xib; sourceTree = "<group>"; };
		BE7F5FF0154A29C7000394D2 /* View Information.jpg */ = {isa = PBXFileReference; lastKnownFileType = image.jpeg; path = "View Information.jpg"; sourceTree = "<group>"; };
		BE7F5FF1154A29C7000394D2 /* Get Directions.jpg */ = {isa = PBXFileReference; lastKnownFileType = image.jpeg; path = "Get Directions.jpg"; sourceTree = "<group>"; };
		BE7F5FF2154A29C7000394D2 /* View Weather.jpg */ = {isa = PBXFileReference; lastKnownFileType = image.jpeg; path = "View Weather.jpg"; sourceTree = "<group>"; };
		BE7F5FF3154A29C7000394D2 /* My Wish List.jpg */ = {isa = PBXFileReference; lastKnownFileType = image.jpeg; path = "My Wish List.jpg"; sourceTree = "<group>"; };
		BE7F5FF4154A29C7000394D2 /* My Tick List.jpg */ = {isa = PBXFileReference; lastKnownFileType = image.jpeg; path = "My Tick List.jpg"; sourceTree = "<group>"; };
		BE88B3C215478F20005FA94B /* GunksExperiment.app */ = {isa = PBXFileReference; explicitFileType = wrapper.application; includeInIndex = 0; path = GunksExperiment.app; sourceTree = BUILT_PRODUCTS_DIR; };
		BE88B3C615478F20005FA94B /* UIKit.framework */ = {isa = PBXFileReference; lastKnownFileType = wrapper.framework; name = UIKit.framework; path = System/Library/Frameworks/UIKit.framework; sourceTree = SDKROOT; };
		BE88B3C815478F20005FA94B /* Foundation.framework */ = {isa = PBXFileReference; lastKnownFileType = wrapper.framework; name = Foundation.framework; path = System/Library/Frameworks/Foundation.framework; sourceTree = SDKROOT; };
		BE88B3CA15478F20005FA94B /* CoreGraphics.framework */ = {isa = PBXFileReference; lastKnownFileType = wrapper.framework; name = CoreGraphics.framework; path = System/Library/Frameworks/CoreGraphics.framework; sourceTree = SDKROOT; };
		BE88B3CE15478F20005FA94B /* GunksExperiment-Info.plist */ = {isa = PBXFileReference; lastKnownFileType = text.plist.xml; path = "GunksExperiment-Info.plist"; sourceTree = "<group>"; };
		BE88B3D015478F20005FA94B /* en */ = {isa = PBXFileReference; lastKnownFileType = text.plist.strings; name = en; path = en.lproj/InfoPlist.strings; sourceTree = "<group>"; };
		BE88B3D215478F20005FA94B /* main.m */ = {isa = PBXFileReference; lastKnownFileType = sourcecode.c.objc; path = main.m; sourceTree = "<group>"; };
		BE88B3D415478F20005FA94B /* GunksExperiment-Prefix.pch */ = {isa = PBXFileReference; lastKnownFileType = sourcecode.c.h; path = "GunksExperiment-Prefix.pch"; sourceTree = "<group>"; };
		BE88B3D515478F20005FA94B /* AppDelegate.h */ = {isa = PBXFileReference; lastKnownFileType = sourcecode.c.h; path = AppDelegate.h; sourceTree = "<group>"; };
		BE88B3D615478F20005FA94B /* AppDelegate.m */ = {isa = PBXFileReference; lastKnownFileType = sourcecode.c.objc; path = AppDelegate.m; sourceTree = "<group>"; };
		BE88B3D815478F20005FA94B /* MasterViewController.h */ = {isa = PBXFileReference; lastKnownFileType = sourcecode.c.h; path = MasterViewController.h; sourceTree = "<group>"; };
		BE88B3D915478F20005FA94B /* MasterViewController.m */ = {isa = PBXFileReference; lastKnownFileType = sourcecode.c.objc; path = MasterViewController.m; sourceTree = "<group>"; };
		BE88B3DB15478F20005FA94B /* DetailViewController.h */ = {isa = PBXFileReference; lastKnownFileType = sourcecode.c.h; path = DetailViewController.h; sourceTree = "<group>"; };
		BE88B3DC15478F20005FA94B /* DetailViewController.m */ = {isa = PBXFileReference; lastKnownFileType = sourcecode.c.objc; path = DetailViewController.m; sourceTree = "<group>"; };
		BE88B3DF15478F20005FA94B /* en */ = {isa = PBXFileReference; lastKnownFileType = file.xib; name = en; path = en.lproj/MasterViewController.xib; sourceTree = "<group>"; };
		BE88B3E215478F20005FA94B /* en */ = {isa = PBXFileReference; lastKnownFileType = file.xib; name = en; path = en.lproj/DetailViewController.xib; sourceTree = "<group>"; };
		BE88B3E915478F20005FA94B /* GunksExperimentTests.octest */ = {isa = PBXFileReference; explicitFileType = wrapper.cfbundle; includeInIndex = 0; path = GunksExperimentTests.octest; sourceTree = BUILT_PRODUCTS_DIR; };
		BE88B3EA15478F20005FA94B /* SenTestingKit.framework */ = {isa = PBXFileReference; lastKnownFileType = wrapper.framework; name = SenTestingKit.framework; path = Library/Frameworks/SenTestingKit.framework; sourceTree = DEVELOPER_DIR; };
		BE88B4011547937D005FA94B /* Search Routes.jpg */ = {isa = PBXFileReference; lastKnownFileType = image.jpeg; path = "Search Routes.jpg"; sourceTree = "<group>"; };
		BEBB17CE154DD87900DD1813 /* ClimbingRoute.h */ = {isa = PBXFileReference; fileEncoding = 4; lastKnownFileType = sourcecode.c.h; path = ClimbingRoute.h; sourceTree = "<group>"; };
		BEBB17CF154DD87900DD1813 /* ClimbingRoute.m */ = {isa = PBXFileReference; fileEncoding = 4; lastKnownFileType = sourcecode.c.objc; path = ClimbingRoute.m; sourceTree = "<group>"; };
		BEBB17D2154DEB8400DD1813 /* libsqlite3.0.dylib */ = {isa = PBXFileReference; lastKnownFileType = "compiled.mach-o.dylib"; name = libsqlite3.0.dylib; path = usr/lib/libsqlite3.0.dylib; sourceTree = SDKROOT; };
		BEBE12C8154F8540001D2097 /* betty.JPG */ = {isa = PBXFileReference; lastKnownFileType = image.jpeg; path = betty.JPG; sourceTree = "<group>"; };
		BEBE12C9154F8540001D2097 /* bonnies.JPG */ = {isa = PBXFileReference; lastKnownFileType = image.jpeg; path = bonnies.JPG; sourceTree = "<group>"; };
		BEBE12CA154F8540001D2097 /* bunny.JPG */ = {isa = PBXFileReference; lastKnownFileType = image.jpeg; path = bunny.JPG; sourceTree = "<group>"; };
		BEBE12CB154F8540001D2097 /* cck.JPG */ = {isa = PBXFileReference; lastKnownFileType = image.jpeg; path = cck.JPG; sourceTree = "<group>"; };
		BEBE12CC154F8540001D2097 /* frogs.JPG */ = {isa = PBXFileReference; lastKnownFileType = image.jpeg; path = frogs.JPG; sourceTree = "<group>"; };
		BEBE12CD154F8540001D2097 /* highexposure.JPG */ = {isa = PBXFileReference; lastKnownFileType = image.jpeg; path = highexposure.JPG; sourceTree = "<group>"; };
		BEBE12CE154F8540001D2097 /* jackie.JPG */ = {isa = PBXFileReference; lastKnownFileType = image.jpeg; path = jackie.JPG; sourceTree = "<group>"; };
		BEBE12CF154F8540001D2097 /* maria.JPG */ = {isa = PBXFileReference; lastKnownFileType = image.jpeg; path = maria.JPG; sourceTree = "<group>"; };
		BEFB192C154F5EEA0013C4E6 /* RouteListViewController.h */ = {isa = PBXFileReference; fileEncoding = 4; lastKnownFileType = sourcecode.c.h; path = RouteListViewController.h; sourceTree = "<group>"; };
		BEFB192D154F5EEA0013C4E6 /* RouteListViewController.m */ = {isa = PBXFileReference; fileEncoding = 4; lastKnownFileType = sourcecode.c.objc; path = RouteListViewController.m; sourceTree = "<group>"; };
		BEFB1930154F5EF40013C4E6 /* en */ = {isa = PBXFileReference; lastKnownFileType = file.xib; name = en; path = en.lproj/RouteListViewController.xib; sourceTree = "<group>"; };
/* End PBXFileReference section */

/* Begin PBXFrameworksBuildPhase section */
		BE88B3BF15478F20005FA94B /* Frameworks */ = {
			isa = PBXFrameworksBuildPhase;
			buildActionMask = 2147483647;
			files = (
				BEBB17D3154DEB8400DD1813 /* libsqlite3.0.dylib in Frameworks */,
				BE88B3C715478F20005FA94B /* UIKit.framework in Frameworks */,
				BE88B3CB15478F20005FA94B /* CoreGraphics.framework in Frameworks */,
				BE88B3C915478F20005FA94B /* Foundation.framework in Frameworks */,
			);
			runOnlyForDeploymentPostprocessing = 0;
		};
		BE88B3E515478F20005FA94B /* Frameworks */ = {
			isa = PBXFrameworksBuildPhase;
			buildActionMask = 2147483647;
			files = (
				BE88B3EB15478F20005FA94B /* SenTestingKit.framework in Frameworks */,
				BE88B3EC15478F20005FA94B /* UIKit.framework in Frameworks */,
				BE88B3ED15478F20005FA94B /* Foundation.framework in Frameworks */,
			);
			runOnlyForDeploymentPostprocessing = 0;
		};
/* End PBXFrameworksBuildPhase section */

/* Begin PBXGroup section */
		BE0C9E3C1613B013000992B9 /* Supporting Files */ = {
			isa = PBXGroup;
			children = (
				BE88B3CE15478F20005FA94B /* GunksExperiment-Info.plist */,
				BE88B3D415478F20005FA94B /* GunksExperiment-Prefix.pch */,
				BE88B3CF15478F20005FA94B /* InfoPlist.strings */,
			);
			name = "Supporting Files";
			sourceTree = "<group>";
		};
		BE113B0D15500E5200336124 /* Images */ = {
			isa = PBXGroup;
			children = (
				BEBE12C8154F8540001D2097 /* betty.JPG */,
				BEBE12C9154F8540001D2097 /* bonnies.JPG */,
				BEBE12CA154F8540001D2097 /* bunny.JPG */,
				BEBE12CB154F8540001D2097 /* cck.JPG */,
				BEBE12CC154F8540001D2097 /* frogs.JPG */,
				BEBE12CD154F8540001D2097 /* highexposure.JPG */,
				BEBE12CE154F8540001D2097 /* jackie.JPG */,
				BEBE12CF154F8540001D2097 /* maria.JPG */,
				BE7F5FF0154A29C7000394D2 /* View Information.jpg */,
				BE7F5FF1154A29C7000394D2 /* Get Directions.jpg */,
				BE7F5FF2154A29C7000394D2 /* View Weather.jpg */,
				BE7F5FF3154A29C7000394D2 /* My Wish List.jpg */,
				BE7F5FF4154A29C7000394D2 /* My Tick List.jpg */,
				BE88B4011547937D005FA94B /* Search Routes.jpg */,
			);
			name = Images;
			sourceTree = "<group>";
		};
		BE8421F71613A7DC00FA7D12 /* Model */ = {
			isa = PBXGroup;
			children = (
				BE113AF0154F990C00336124 /* ClimbingDatabase.sql */,
				BE113B131550CC3900336124 /* DatabaseModel.h */,
				BE113B141550CC3900336124 /* DatabaseModel.m */,
			);
			name = Model;
			sourceTree = "<group>";
		};
		BE8421F91613A80700FA7D12 /* View */ = {
			isa = PBXGroup;
			children = (
				BE0C9E1B1613AB41000992B9 /* ViewInformationViewController.xib */,
				BE0C9E1C1613AB41000992B9 /* MapViewController.xib */,
				BE88B3DE15478F20005FA94B /* MasterViewController.xib */,
				BEFB192F154F5EF40013C4E6 /* RouteListViewController.xib */,
				BE113B05154FB2F700336124 /* WeatherViewController.xib */,
				BE88B3E115478F20005FA94B /* DetailViewController.xib */,
				BE113B181550D07600336124 /* WishListViewController.xib */,
				BE113B1D1550D08700336124 /* TickListViewController.xib */,
			);
			name = View;
			sourceTree = "<group>";
		};
		BE8421FA1613A81C00FA7D12 /* Controller */ = {
			isa = PBXGroup;
			children = (
				BE0C9E201613ABB7000992B9 /* MapViewController.h */,
				BE0C9E211613ABB7000992B9 /* MapViewController.m */,
				BE0C9E221613ABB7000992B9 /* ViewInformationViewController.h */,
				BE0C9E231613ABB7000992B9 /* ViewInformationViewController.m */,
				BE88B3DB15478F20005FA94B /* DetailViewController.h */,
				BE88B3DC15478F20005FA94B /* DetailViewController.m */,
				BE88B3D815478F20005FA94B /* MasterViewController.h */,
				BE88B3D915478F20005FA94B /* MasterViewController.m */,
				BEFB192C154F5EEA0013C4E6 /* RouteListViewController.h */,
				BEFB192D154F5EEA0013C4E6 /* RouteListViewController.m */,
				BE113B1B1550D08700336124 /* TickListViewController.h */,
				BE113B1C1550D08700336124 /* TickListViewController.m */,
				BE113B161550D07500336124 /* WishListViewController.h */,
				BE113B171550D07600336124 /* WishListViewController.m */,
				BE113B03154FB2F700336124 /* WeatherViewController.h */,
				BE113B04154FB2F700336124 /* WeatherViewController.m */,
			);
			name = Controller;
			sourceTree = "<group>";
		};
		BE8421FB1613A84800FA7D12 /* Classes */ = {
			isa = PBXGroup;
			children = (
				BEBB17CE154DD87900DD1813 /* ClimbingRoute.h */,
				BEBB17CF154DD87900DD1813 /* ClimbingRoute.m */,
			);
			name = Classes;
			sourceTree = "<group>";
		};
		BE88B3B715478F20005FA94B = {
			isa = PBXGroup;
			children = (
				BE88B3CC15478F20005FA94B /* GunksExperiment */,
				BE88B3C515478F20005FA94B /* Frameworks */,
				BE88B3C315478F20005FA94B /* Products */,
			);
			sourceTree = "<group>";
		};
		BE88B3C315478F20005FA94B /* Products */ = {
			isa = PBXGroup;
			children = (
				BE88B3C215478F20005FA94B /* GunksExperiment.app */,
				BE88B3E915478F20005FA94B /* GunksExperimentTests.octest */,
			);
			name = Products;
			sourceTree = "<group>";
		};
		BE88B3C515478F20005FA94B /* Frameworks */ = {
			isa = PBXGroup;
			children = (
				BEBB17D2154DEB8400DD1813 /* libsqlite3.0.dylib */,
				BE88B3C615478F20005FA94B /* UIKit.framework */,
				BE88B3C815478F20005FA94B /* Foundation.framework */,
				BE88B3CA15478F20005FA94B /* CoreGraphics.framework */,
				BE88B3EA15478F20005FA94B /* SenTestingKit.framework */,
			);
			name = Frameworks;
			sourceTree = "<group>";
		};
		BE88B3CC15478F20005FA94B /* GunksExperiment */ = {
			isa = PBXGroup;
			children = (
				BE8421F71613A7DC00FA7D12 /* Model */,
				BE88B3D215478F20005FA94B /* main.m */,
				BE88B3D515478F20005FA94B /* AppDelegate.h */,
				BE88B3D615478F20005FA94B /* AppDelegate.m */,
				BE113B0D15500E5200336124 /* Images */,
				BE8421FB1613A84800FA7D12 /* Classes */,
				BE8421FA1613A81C00FA7D12 /* Controller */,
				BE8421F91613A80700FA7D12 /* View */,
				BE0C9E3C1613B013000992B9 /* Supporting Files */,
			);
			path = GunksExperiment;
			sourceTree = "<group>";
		};
/* End PBXGroup section */

/* Begin PBXNativeTarget section */
		BE88B3C115478F20005FA94B /* GunksExperiment */ = {
			isa = PBXNativeTarget;
			buildConfigurationList = BE88B3FB15478F20005FA94B /* Build configuration list for PBXNativeTarget "GunksExperiment" */;
			buildPhases = (
				BE88B3BE15478F20005FA94B /* Sources */,
				BE88B3BF15478F20005FA94B /* Frameworks */,
				BE88B3C015478F20005FA94B /* Resources */,
			);
			buildRules = (
			);
			dependencies = (
			);
			name = GunksExperiment;
			productName = GunksExperiment;
			productReference = BE88B3C215478F20005FA94B /* GunksExperiment.app */;
			productType = "com.apple.product-type.application";
		};
		BE88B3E815478F20005FA94B /* GunksExperimentTests */ = {
			isa = PBXNativeTarget;
			buildConfigurationList = BE88B3FE15478F20005FA94B /* Build configuration list for PBXNativeTarget "GunksExperimentTests" */;
			buildPhases = (
				BE88B3E415478F20005FA94B /* Sources */,
				BE88B3E515478F20005FA94B /* Frameworks */,
				BE88B3E615478F20005FA94B /* Resources */,
				BE88B3E715478F20005FA94B /* ShellScript */,
			);
			buildRules = (
			);
			dependencies = (
				BE88B3EF15478F20005FA94B /* PBXTargetDependency */,
			);
			name = GunksExperimentTests;
			productName = GunksExperimentTests;
			productReference = BE88B3E915478F20005FA94B /* GunksExperimentTests.octest */;
			productType = "com.apple.product-type.bundle";
		};
/* End PBXNativeTarget section */

/* Begin PBXProject section */
		BE88B3B915478F20005FA94B /* Project object */ = {
			isa = PBXProject;
			attributes = {
				LastUpgradeCheck = 0430;
			};
			buildConfigurationList = BE88B3BC15478F20005FA94B /* Build configuration list for PBXProject "GunksExperiment" */;
			compatibilityVersion = "Xcode 3.2";
			developmentRegion = English;
			hasScannedForEncodings = 0;
			knownRegions = (
				en,
			);
			mainGroup = BE88B3B715478F20005FA94B;
			productRefGroup = BE88B3C315478F20005FA94B /* Products */;
			projectDirPath = "";
			projectRoot = "";
			targets = (
				BE88B3C115478F20005FA94B /* GunksExperiment */,
				BE88B3E815478F20005FA94B /* GunksExperimentTests */,
			);
		};
/* End PBXProject section */

/* Begin PBXResourcesBuildPhase section */
		BE88B3C015478F20005FA94B /* Resources */ = {
			isa = PBXResourcesBuildPhase;
			buildActionMask = 2147483647;
			files = (
				BE88B3D115478F20005FA94B /* InfoPlist.strings in Resources */,
				BE88B3E015478F20005FA94B /* MasterViewController.xib in Resources */,
				BE88B3E315478F20005FA94B /* DetailViewController.xib in Resources */,
				BE88B4021547937D005FA94B /* Search Routes.jpg in Resources */,
				BE7F5FF7154A29C7000394D2 /* View Information.jpg in Resources */,
				BE7F5FF8154A29C7000394D2 /* Get Directions.jpg in Resources */,
				BE7F5FF9154A29C7000394D2 /* View Weather.jpg in Resources */,
				BE7F5FFA154A29C7000394D2 /* My Wish List.jpg in Resources */,
				BE7F5FFB154A29C7000394D2 /* My Tick List.jpg in Resources */,
				BEFB1931154F5EF40013C4E6 /* RouteListViewController.xib in Resources */,
				BEBE12D0154F8540001D2097 /* betty.JPG in Resources */,
				BEBE12D1154F8540001D2097 /* bonnies.JPG in Resources */,
				BEBE12D2154F8540001D2097 /* bunny.JPG in Resources */,
				BEBE12D3154F8540001D2097 /* cck.JPG in Resources */,
				BEBE12D4154F8540001D2097 /* frogs.JPG in Resources */,
				BEBE12D5154F8540001D2097 /* highexposure.JPG in Resources */,
				BEBE12D6154F8540001D2097 /* jackie.JPG in Resources */,
				BEBE12D7154F8540001D2097 /* maria.JPG in Resources */,
				BE113AF1154F990C00336124 /* ClimbingDatabase.sql in Resources */,
				BE113B07154FB2F700336124 /* WeatherViewController.xib in Resources */,
				BE113B1A1550D07600336124 /* WishListViewController.xib in Resources */,
				BE113B1F1550D08800336124 /* TickListViewController.xib in Resources */,
				BE0C9E1D1613AB41000992B9 /* ViewInformationViewController.xib in Resources */,
				BE0C9E1E1613AB41000992B9 /* MapViewController.xib in Resources */,
			);
			runOnlyForDeploymentPostprocessing = 0;
		};
		BE88B3E615478F20005FA94B /* Resources */ = {
			isa = PBXResourcesBuildPhase;
			buildActionMask = 2147483647;
			files = (
			);
			runOnlyForDeploymentPostprocessing = 0;
		};
/* End PBXResourcesBuildPhase section */

/* Begin PBXShellScriptBuildPhase section */
		BE88B3E715478F20005FA94B /* ShellScript */ = {
			isa = PBXShellScriptBuildPhase;
			buildActionMask = 2147483647;
			files = (
			);
			inputPaths = (
			);
			outputPaths = (
			);
			runOnlyForDeploymentPostprocessing = 0;
			shellPath = /bin/sh;
			shellScript = "# Run the unit tests in this test bundle.\n\"${SYSTEM_DEVELOPER_DIR}/Tools/RunUnitTests\"\n";
		};
/* End PBXShellScriptBuildPhase section */

/* Begin PBXSourcesBuildPhase section */
		BE88B3BE15478F20005FA94B /* Sources */ = {
			isa = PBXSourcesBuildPhase;
			buildActionMask = 2147483647;
			files = (
				BE88B3D315478F20005FA94B /* main.m in Sources */,
				BE88B3D715478F20005FA94B /* AppDelegate.m in Sources */,
				BE88B3DA15478F20005FA94B /* MasterViewController.m in Sources */,
				BE88B3DD15478F20005FA94B /* DetailViewController.m in Sources */,
				BEBB17D0154DD87900DD1813 /* ClimbingRoute.m in Sources */,
				BEFB192E154F5EEA0013C4E6 /* RouteListViewController.m in Sources */,
				BE113B06154FB2F700336124 /* WeatherViewController.m in Sources */,
				BE113B151550CC3900336124 /* DatabaseModel.m in Sources */,
				BE113B191550D07600336124 /* WishListViewController.m in Sources */,
				BE113B1E1550D08800336124 /* TickListViewController.m in Sources */,
				BE0C9E241613ABB7000992B9 /* MapViewController.m in Sources */,
				BE0C9E251613ABB7000992B9 /* ViewInformationViewController.m in Sources */,
			);
			runOnlyForDeploymentPostprocessing = 0;
		};
		BE88B3E415478F20005FA94B /* Sources */ = {
			isa = PBXSourcesBuildPhase;
			buildActionMask = 2147483647;
			files = (
			);
			runOnlyForDeploymentPostprocessing = 0;
		};
/* End PBXSourcesBuildPhase section */

/* Begin PBXTargetDependency section */
		BE88B3EF15478F20005FA94B /* PBXTargetDependency */ = {
			isa = PBXTargetDependency;
			target = BE88B3C115478F20005FA94B /* GunksExperiment */;
			targetProxy = BE88B3EE15478F20005FA94B /* PBXContainerItemProxy */;
		};
/* End PBXTargetDependency section */

/* Begin PBXVariantGroup section */
		BE88B3CF15478F20005FA94B /* InfoPlist.strings */ = {
			isa = PBXVariantGroup;
			children = (
				BE88B3D015478F20005FA94B /* en */,
			);
			name = InfoPlist.strings;
			sourceTree = "<group>";
		};
		BE88B3DE15478F20005FA94B /* MasterViewController.xib */ = {
			isa = PBXVariantGroup;
			children = (
				BE88B3DF15478F20005FA94B /* en */,
			);
			name = MasterViewController.xib;
			sourceTree = "<group>";
		};
		BE88B3E115478F20005FA94B /* DetailViewController.xib */ = {
			isa = PBXVariantGroup;
			children = (
				BE88B3E215478F20005FA94B /* en */,
			);
			name = DetailViewController.xib;
			sourceTree = "<group>";
		};
		BEFB192F154F5EF40013C4E6 /* RouteListViewController.xib */ = {
			isa = PBXVariantGroup;
			children = (
				BEFB1930154F5EF40013C4E6 /* en */,
			);
			name = RouteListViewController.xib;
			sourceTree = "<group>";
		};
/* End PBXVariantGroup section */

/* Begin XCBuildConfiguration section */
		BE88B3F915478F20005FA94B /* Debug */ = {
			isa = XCBuildConfiguration;
			buildSettings = {
				ALWAYS_SEARCH_USER_PATHS = NO;
				ARCHS = "$(ARCHS_STANDARD_32_BIT)";
				CLANG_ENABLE_OBJC_ARC = YES;
				"CODE_SIGN_IDENTITY[sdk=iphoneos*]" = "iPhone Developer";
				COPY_PHASE_STRIP = NO;
				GCC_C_LANGUAGE_STANDARD = gnu99;
				GCC_DYNAMIC_NO_PIC = NO;
				GCC_OPTIMIZATION_LEVEL = 0;
				GCC_PREPROCESSOR_DEFINITIONS = (
					"DEBUG=1",
					"$(inherited)",
				);
				GCC_SYMBOLS_PRIVATE_EXTERN = NO;
				GCC_VERSION = com.apple.compilers.llvm.clang.1_0;
				GCC_WARN_ABOUT_RETURN_TYPE = YES;
				GCC_WARN_UNINITIALIZED_AUTOS = YES;
				GCC_WARN_UNUSED_VARIABLE = YES;
				IPHONEOS_DEPLOYMENT_TARGET = 5.1;
				SDKROOT = iphoneos;
			};
			name = Debug;
		};
		BE88B3FA15478F20005FA94B /* Release */ = {
			isa = XCBuildConfiguration;
			buildSettings = {
				ALWAYS_SEARCH_USER_PATHS = NO;
				ARCHS = "$(ARCHS_STANDARD_32_BIT)";
				CLANG_ENABLE_OBJC_ARC = YES;
				"CODE_SIGN_IDENTITY[sdk=iphoneos*]" = "iPhone Developer";
				COPY_PHASE_STRIP = YES;
				GCC_C_LANGUAGE_STANDARD = gnu99;
				GCC_VERSION = com.apple.compilers.llvm.clang.1_0;
				GCC_WARN_ABOUT_RETURN_TYPE = YES;
				GCC_WARN_UNINITIALIZED_AUTOS = YES;
				GCC_WARN_UNUSED_VARIABLE = YES;
				IPHONEOS_DEPLOYMENT_TARGET = 5.1;
				OTHER_CFLAGS = "-DNS_BLOCK_ASSERTIONS=1";
				SDKROOT = iphoneos;
				VALIDATE_PRODUCT = YES;
			};
			name = Release;
		};
		BE88B3FC15478F20005FA94B /* Debug */ = {
			isa = XCBuildConfiguration;
			buildSettings = {
				GCC_PRECOMPILE_PREFIX_HEADER = YES;
				GCC_PREFIX_HEADER = "GunksExperiment/GunksExperiment-Prefix.pch";
				INFOPLIST_FILE = "GunksExperiment/GunksExperiment-Info.plist";
				LIBRARY_SEARCH_PATHS = (
					"$(inherited)",
					"\"$(SRCROOT)\"",
				);
				PRODUCT_NAME = "$(TARGET_NAME)";
				WRAPPER_EXTENSION = app;
			};
			name = Debug;
		};
		BE88B3FD15478F20005FA94B /* Release */ = {
			isa = XCBuildConfiguration;
			buildSettings = {
				GCC_PRECOMPILE_PREFIX_HEADER = YES;
				GCC_PREFIX_HEADER = "GunksExperiment/GunksExperiment-Prefix.pch";
				INFOPLIST_FILE = "GunksExperiment/GunksExperiment-Info.plist";
				LIBRARY_SEARCH_PATHS = (
					"$(inherited)",
					"\"$(SRCROOT)\"",
				);
				PRODUCT_NAME = "$(TARGET_NAME)";
				WRAPPER_EXTENSION = app;
			};
			name = Release;
		};
		BE88B3FF15478F20005FA94B /* Debug */ = {
			isa = XCBuildConfiguration;
			buildSettings = {
				BUNDLE_LOADER = "$(BUILT_PRODUCTS_DIR)/GunksExperiment.app/GunksExperiment";
				FRAMEWORK_SEARCH_PATHS = (
					"$(SDKROOT)/Developer/Library/Frameworks",
					"$(DEVELOPER_LIBRARY_DIR)/Frameworks",
				);
				GCC_PRECOMPILE_PREFIX_HEADER = YES;
				GCC_PREFIX_HEADER = "GunksExperiment/GunksExperiment-Prefix.pch";
				INFOPLIST_FILE = "GunksExperimentTests/GunksExperimentTests-Info.plist";
				PRODUCT_NAME = "$(TARGET_NAME)";
				TEST_HOST = "$(BUNDLE_LOADER)";
				WRAPPER_EXTENSION = octest;
			};
			name = Debug;
		};
		BE88B40015478F20005FA94B /* Release */ = {
			isa = XCBuildConfiguration;
			buildSettings = {
				BUNDLE_LOADER = "$(BUILT_PRODUCTS_DIR)/GunksExperiment.app/GunksExperiment";
				FRAMEWORK_SEARCH_PATHS = (
					"$(SDKROOT)/Developer/Library/Frameworks",
					"$(DEVELOPER_LIBRARY_DIR)/Frameworks",
				);
				GCC_PRECOMPILE_PREFIX_HEADER = YES;
				GCC_PREFIX_HEADER = "GunksExperiment/GunksExperiment-Prefix.pch";
				INFOPLIST_FILE = "GunksExperimentTests/GunksExperimentTests-Info.plist";
				PRODUCT_NAME = "$(TARGET_NAME)";
				TEST_HOST = "$(BUNDLE_LOADER)";
				WRAPPER_EXTENSION = octest;
			};
			name = Release;
		};
/* End XCBuildConfiguration section */

/* Begin XCConfigurationList section */
		BE88B3BC15478F20005FA94B /* Build configuration list for PBXProject "GunksExperiment" */ = {
			isa = XCConfigurationList;
			buildConfigurations = (
				BE88B3F915478F20005FA94B /* Debug */,
				BE88B3FA15478F20005FA94B /* Release */,
			);
			defaultConfigurationIsVisible = 0;
			defaultConfigurationName = Release;
		};
		BE88B3FB15478F20005FA94B /* Build configuration list for PBXNativeTarget "GunksExperiment" */ = {
			isa = XCConfigurationList;
			buildConfigurations = (
				BE88B3FC15478F20005FA94B /* Debug */,
				BE88B3FD15478F20005FA94B /* Release */,
			);
			defaultConfigurationIsVisible = 0;
			defaultConfigurationName = Release;
		};
		BE88B3FE15478F20005FA94B /* Build configuration list for PBXNativeTarget "GunksExperimentTests" */ = {
			isa = XCConfigurationList;
			buildConfigurations = (
				BE88B3FF15478F20005FA94B /* Debug */,
				BE88B40015478F20005FA94B /* Release */,
			);
			defaultConfigurationIsVisible = 0;
			defaultConfigurationName = Release;
		};
/* End XCConfigurationList section */
	};
	rootObject = BE88B3B915478F20005FA94B /* Project object */;
}
